
Microsoft Visual Studio Solution File, Format Version 12.00
# Visual Studio Version 17
VisualStudioVersion = 17.8.34330.188
MinimumVisualStudioVersion = 10.0.40219.1
Project("{FAE04EC0-301F-11D3-BF4B-00C04F79EFBC}") = "MinimalApiSample.Web", "src\MinimalApiSample.Web\MinimalApiSample.Web.csproj", "{579A544E-3870-4F5B-B5BE-4F04E2CE8E80}"
EndProject
Global
	GlobalSection(SolutionConfigurationPlatforms) = preSolution
		Debug|Any CPU = Debug|Any CPU
		Release|Any CPU = Release|Any CPU
	EndGlobalSection
	GlobalSection(ProjectConfigurationPlatforms) = postSolution
		{579A544E-3870-4F5B-B5BE-4F04E2CE8E80}.Debug|Any CPU.ActiveCfg = Debug|Any CPU
		{579A544E-3870-4F5B-B5BE-4F04E2CE8E80}.Debug|Any CPU.Build.0 = Debug|Any CPU
		{579A544E-3870-4F5B-B5BE-4F04E2CE8E80}.Release|Any CPU.ActiveCfg = Release|Any CPU
		{579A544E-3870-4F5B-B5BE-4F04E2CE8E80}.Release|Any CPU.Build.0 = Release|Any CPU
	EndGlobalSection
	GlobalSection(SolutionProperties) = preSolution
		HideSolutionNode = FALSE
	EndGlobalSection
	GlobalSection(ExtensibilityGlobals) = postSolution
		SolutionGuid = {023F345B-ADFE-44F4-A559-A4D4F02115AC}
	EndGlobalSection
EndGlobal
